
Microsoft Visual Studio Solution File, Format Version 12.00
# Visual Studio 15
VisualStudioVersion = 15.0.27703.2042
MinimumVisualStudioVersion = 10.0.40219.1
Project("{9A19103F-16F7-4668-BE54-9A1E7A4F7556}") = "MediatR.Commands", "MediatR.Commands\MediatR.Commands.csproj", "{45425E0A-B816-43F5-8C45-1767AD3AD21C}"
EndProject
Project("{9A19103F-16F7-4668-BE54-9A1E7A4F7556}") = "MediatR.Notifications", "MediatR.Notifications\MediatR.Notifications.csproj", "{D82865B8-3DD1-4C2C-87EA-F907AD871443}"
EndProject
Project("{9A19103F-16F7-4668-BE54-9A1E7A4F7556}") = "MediatR.Queries", "MediatR.Queries\MediatR.Queries.csproj", "{DA3D0642-1EBF-42B5-B172-792F09F77A87}"
EndProject
Project("{FAE04EC0-301F-11D3-BF4B-00C04F79EFBC}") = "MediatR.WebApi", "MediatR.WebApi\MediatR.WebApi.csproj", "{EC4CE9E1-70BC-4F56-AB89-3B8C6D83523C}"
EndProject
Global
	GlobalSection(SolutionConfigurationPlatforms) = preSolution
		Debug|Any CPU = Debug|Any CPU
		Release|Any CPU = Release|Any CPU
	EndGlobalSection
	GlobalSection(ProjectConfigurationPlatforms) = postSolution
		{45425E0A-B816-43F5-8C45-1767AD3AD21C}.Debug|Any CPU.ActiveCfg = Debug|Any CPU
		{45425E0A-B816-43F5-8C45-1767AD3AD21C}.Debug|Any CPU.Build.0 = Debug|Any CPU
		{45425E0A-B816-43F5-8C45-1767AD3AD21C}.Release|Any CPU.ActiveCfg = Release|Any CPU
		{45425E0A-B816-43F5-8C45-1767AD3AD21C}.Release|Any CPU.Build.0 = Release|Any CPU
		{D82865B8-3DD1-4C2C-87EA-F907AD871443}.Debug|Any CPU.ActiveCfg = Debug|Any CPU
		{D82865B8-3DD1-4C2C-87EA-F907AD871443}.Debug|Any CPU.Build.0 = Debug|Any CPU
		{D82865B8-3DD1-4C2C-87EA-F907AD871443}.Release|Any CPU.ActiveCfg = Release|Any CPU
		{D82865B8-3DD1-4C2C-87EA-F907AD871443}.Release|Any CPU.Build.0 = Release|Any CPU
		{DA3D0642-1EBF-42B5-B172-792F09F77A87}.Debug|Any CPU.ActiveCfg = Debug|Any CPU
		{DA3D0642-1EBF-42B5-B172-792F09F77A87}.Debug|Any CPU.Build.0 = Debug|Any CPU
		{DA3D0642-1EBF-42B5-B172-792F09F77A87}.Release|Any CPU.ActiveCfg = Release|Any CPU
		{DA3D0642-1EBF-42B5-B172-792F09F77A87}.Release|Any CPU.Build.0 = Release|Any CPU
		{EC4CE9E1-70BC-4F56-AB89-3B8C6D83523C}.Debug|Any CPU.ActiveCfg = Debug|Any CPU
		{EC4CE9E1-70BC-4F56-AB89-3B8C6D83523C}.Debug|Any CPU.Build.0 = Debug|Any CPU
		{EC4CE9E1-70BC-4F56-AB89-3B8C6D83523C}.Release|Any CPU.ActiveCfg = Release|Any CPU
		{EC4CE9E1-70BC-4F56-AB89-3B8C6D83523C}.Release|Any CPU.Build.0 = Release|Any CPU
	EndGlobalSection
	GlobalSection(SolutionProperties) = preSolution
		HideSolutionNode = FALSE
	EndGlobalSection
	GlobalSection(ExtensibilityGlobals) = postSolution
		SolutionGuid = {D29E38B0-50AB-43F3-80FC-BF451088F15F}
	EndGlobalSection
EndGlobal
